# THIS IS AN AUTOGENERATED FILE. DO NOT EDIT THIS FILE DIRECTLY.
# yarn lockfile v1


"@types/node@^16.6.2":
  version "16.7.1"
  resolved "https://registry.yarnpkg.com/@types/node/-/node-16.7.1.tgz#c6b9198178da504dfca1fd0be9b2e1002f1586f0"
  integrity sha512-ncRdc45SoYJ2H4eWU9ReDfp3vtFqDYhjOsKlFFUDEn8V1Bgr2RjYal8YT5byfadWIRluhPFU6JiDOl0H6Sl87A==

msgpackr-extract@^1.0.13:
  version "1.0.13"
  resolved "https://registry.yarnpkg.com/msgpackr-extract/-/msgpackr-extract-1.0.13.tgz#39f1958d9cf1c436e18cc544aacec1af62b661d1"
  integrity sha512-JlQPllMLETiuQ5Vv3IAz+4uOpd1GZPOoCHv9P5ka5P5gkTssm/ejv0WwS4xAfB9B3vDwrExRwuU8v3HRQtJk2Q==
  dependencies:
    nan "^2.14.2"
    node-gyp-build "^4.2.3"

msgpackr@^1.4.2:
  version "1.4.2"
  resolved "https://registry.yarnpkg.com/msgpackr/-/msgpackr-1.4.2.tgz#52ddf0130ccdb1067957fe61c8be828e82bb29ce"
  integrity sha512-6gvaU+3xIflium8eJcruT66kLQr14lgTEmXtDm7KKzBSWHljD7pqu3VBQv1PDipFD5UGXLTIxGg5hGbO/jTvxQ==
  optionalDependencies:
    msgpackr-extract "^1.0.13"

nan@^2.14.2:
  version "2.15.0"
  resolved "https://registry.yarnpkg.com/nan/-/nan-2.15.0.tgz#3f34a473ff18e15c1b5626b62903b5ad6e665fee"
  integrity sha512-8ZtvEnA2c5aYCZYd1cvgdnU6cqwixRoYg70xPLWUws5ORTa/lnw+u4amixRS/Ac5U5mQVgp9pnlSUnbNWFaWZQ==

nanoid@^3.1.25:
  version "3.1.25"
  resolved "https://registry.yarnpkg.com/nanoid/-/nanoid-3.1.25.tgz#09ca32747c0e543f0e1814b7d3793477f9c8e152"
  integrity sha512-rdwtIXaXCLFAQbnfqDRnI6jaRHp9fTcYBjtFKE8eezcZ7LuLjhUaQGNeMXf1HmRoCH32CLz6XwX0TtxEOS/A3Q==

node-gyp-build@^4.2.3:
  version "4.2.3"
  resolved "https://registry.yarnpkg.com/node-gyp-build/-/node-gyp-build-4.2.3.tgz#ce6277f853835f718829efb47db20f3e4d9c4739"
  integrity sha512-MN6ZpzmfNCRM+3t57PTJHgHyw/h4OWnZ6mR8P5j/uZtqQr46RRuDE/P+g3n0YR/AiYXeWixZZzaip77gdICfRg==

"paradb-api-schema@file:../../../../paradb-api-schema":
  version "1.0.0"
  dependencies:
    "@types/node" "^16.6.2"
